{
  "R": {
    "Version": "4.4.1",
    "Repositories": [
      {
        "Name": "raveieeg",
        "URL": "https://rave-ieeg.r-universe.dev"
      },
      {
        "Name": "CRAN",
        "URL": "https://cloud.r-project.org"
      }
    ]
  },
  "Packages": {
    "BH": {
      "Package": "BH",
      "Version": "1.84.0-0",
      "Source": "Repository",
      "Repository": "CRAN",
      "Hash": "a8235afbcd6316e6e91433ea47661013"
    },
    "IRdisplay": {
      "Package": "IRdisplay",
      "Version": "1.1",
      "Source": "Repository",
      "Repository": "CRAN",
      "Requirements": [
        "R",
        "methods",
        "repr"
      ],
      "Hash": "5ea7862cfcd8b146f233ed1ac9fb8eda"
    },
    "IRkernel": {
      "Package": "IRkernel",
      "Version": "1.3.2",
      "Source": "Repository",
      "Repository": "CRAN",
      "Requirements": [
        "IRdisplay",
        "R",
        "crayon",
        "digest",
        "evaluate",
        "jsonlite",
        "methods",
        "pbdZMQ",
        "repr",
        "uuid"
      ],
      "Hash": "e57f593112825c91949debb0da1d45d6"
    },
    "Matrix": {
      "Package": "Matrix",
      "Version": "1.7-0",
      "Source": "Repository",
      "Repository": "CRAN",
      "Requirements": [
        "R",
        "grDevices",
        "graphics",
        "grid",
        "lattice",
        "methods",
        "stats",
        "utils"
      ],
      "Hash": "1920b2f11133b12350024297d8a4ff4a"
    },
    "R.matlab": {
      "Package": "R.matlab",
      "Version": "3.7.0",
      "Source": "Repository",
      "Repository": "CRAN",
      "Requirements": [
        "R",
        "R.methodsS3",
        "R.oo",
        "R.utils",
        "methods",
        "utils"
      ],
      "Hash": "e64c6e63521ce9407e8deacecab95b11"
    },
    "R.methodsS3": {
      "Package": "R.methodsS3",
      "Version": "1.8.2",
      "Source": "Repository",
      "Repository": "CRAN",
      "Requirements": [
        "R",
        "utils"
      ],
      "Hash": "278c286fd6e9e75d0c2e8f731ea445c8"
    },
    "R.oo": {
      "Package": "R.oo",
      "Version": "1.26.0",
      "Source": "Repository",
      "Repository": "CRAN",
      "Requirements": [
        "R",
        "R.methodsS3",
        "methods",
        "utils"
      ],
      "Hash": "4fed809e53ddb5407b3da3d0f572e591"
    },
    "R.utils": {
      "Package": "R.utils",
      "Version": "2.12.3",
      "Source": "Repository",
      "Repository": "CRAN",
      "Requirements": [
        "R",
        "R.methodsS3",
        "R.oo",
        "methods",
        "tools",
        "utils"
      ],
      "Hash": "3dc2829b790254bfba21e60965787651"
    },
    "R6": {
      "Package": "R6",
      "Version": "2.5.1",
      "Source": "Repository",
      "Repository": "CRAN",
      "Requirements": [
        "R"
      ],
      "Hash": "470851b6d5d0ac559e9d01bb352b4021"
    },
    "RNifti": {
      "Package": "RNifti",
      "Version": "1.7.0",
      "Source": "Repository",
      "Repository": "CRAN",
      "Requirements": [
        "Rcpp"
      ],
      "Hash": "204a3a0162826a70f09a648b4096f6d9"
    },
    "RNiftyReg": {
      "Package": "RNiftyReg",
      "Version": "2.8.3",
      "Source": "Repository",
      "Repository": "CRAN",
      "Requirements": [
        "RNifti",
        "Rcpp",
        "RcppEigen",
        "ore"
      ],
      "Hash": "31c4681f750cb43b4a8104499310d75c"
    },
    "Rcpp": {
      "Package": "Rcpp",
      "Version": "1.0.13",
      "Source": "Repository",
      "Repository": "CRAN",
      "Requirements": [
        "methods",
        "utils"
      ],
      "Hash": "f27411eb6d9c3dada5edd444b8416675"
    },
    "RcppEigen": {
      "Package": "RcppEigen",
      "Version": "0.3.4.0.2",
      "Source": "Repository",
      "Repository": "CRAN",
      "Requirements": [
        "R",
        "Rcpp",
        "stats",
        "utils"
      ],
      "Hash": "4ac8e423216b8b70cb9653d1b3f71eb9"
    },
    "RcppTOML": {
      "Package": "RcppTOML",
      "Version": "0.2.2",
      "Source": "Repository",
      "Repository": "CRAN",
      "Requirements": [
        "R",
        "Rcpp"
      ],
      "Hash": "c232938949fcd8126034419cc529333a"
    },
    "abind": {
      "Package": "abind",
      "Version": "1.4-8",
      "Source": "Repository",
      "Repository": "CRAN",
      "Requirements": [
        "R",
        "methods",
        "utils"
      ],
      "Hash": "2288423bb0f20a457800d7fc47f6aa54"
    },
    "backports": {
      "Package": "backports",
      "Version": "1.5.0",
      "Source": "Repository",
      "Repository": "CRAN",
      "Requirements": [
        "R"
      ],
      "Hash": "e1e1b9d75c37401117b636b7ae50827a"
    },
    "base64enc": {
      "Package": "base64enc",
      "Version": "0.1-3",
      "Source": "Repository",
      "Repository": "CRAN",
      "Requirements": [
        "R"
      ],
      "Hash": "543776ae6848fde2f48ff3816d0628bc"
    },
    "base64url": {
      "Package": "base64url",
      "Version": "1.4",
      "Source": "Repository",
      "Repository": "CRAN",
      "Requirements": [
        "backports"
      ],
      "Hash": "0c54cf3a08cc0e550fbd64ad33166143"
    },
    "bit": {
      "Package": "bit",
      "Version": "4.0.5",
      "Source": "Repository",
      "Repository": "CRAN",
      "Requirements": [
        "R"
      ],
      "Hash": "d242abec29412ce988848d0294b208fd"
    },
    "bit64": {
      "Package": "bit64",
      "Version": "4.0.5",
      "Source": "Repository",
      "Repository": "CRAN",
      "Requirements": [
        "R",
        "bit",
        "methods",
        "stats",
        "utils"
      ],
      "Hash": "9fe98599ca456d6552421db0d6772d8f"
    },
    "bitops": {
      "Package": "bitops",
      "Version": "1.0-8",
      "Source": "Repository",
      "Repository": "CRAN",
      "Hash": "da69e6b6f8feebec0827205aad3fdbd8"
    },
    "bslib": {
      "Package": "bslib",
      "Version": "0.8.0",
      "Source": "Repository",
      "Repository": "CRAN",
      "Requirements": [
        "R",
        "base64enc",
        "cachem",
        "fastmap",
        "grDevices",
        "htmltools",
        "jquerylib",
        "jsonlite",
        "lifecycle",
        "memoise",
        "mime",
        "rlang",
        "sass"
      ],
      "Hash": "b299c6741ca9746fb227debcb0f9fb6c"
    },
    "cachem": {
      "Package": "cachem",
      "Version": "1.1.0",
      "Source": "Repository",
      "Repository": "CRAN",
      "Requirements": [
        "fastmap",
        "rlang"
      ],
      "Hash": "cd9a672193789068eb5a2aad65a0dedf"
    },
    "callr": {
      "Package": "callr",
      "Version": "3.7.6",
      "Source": "Repository",
      "Repository": "CRAN",
      "Requirements": [
        "R",
        "R6",
        "processx",
        "utils"
      ],
      "Hash": "d7e13f49c19103ece9e58ad2d83a7354"
    },
    "checkmate": {
      "Package": "checkmate",
      "Version": "2.3.2",
      "Source": "Repository",
      "Repository": "CRAN",
      "Requirements": [
        "R",
        "backports",
        "utils"
      ],
      "Hash": "0e14e01ce07e7c88fd25de6d4260d26b"
    },
    "cli": {
      "Package": "cli",
      "Version": "3.6.3",
      "Source": "Repository",
      "Repository": "CRAN",
      "Requirements": [
        "R",
        "utils"
      ],
      "Hash": "b21916dd77a27642b447374a5d30ecf3"
    },
    "codetools": {
      "Package": "codetools",
      "Version": "0.2-20",
      "Source": "Repository",
      "Repository": "CRAN",
      "Requirements": [
        "R"
      ],
      "Hash": "61e097f35917d342622f21cdc79c256e"
    },
    "commonmark": {
      "Package": "commonmark",
      "Version": "1.9.1",
      "Source": "Repository",
      "Repository": "CRAN",
      "Hash": "5d8225445acb167abf7797de48b2ee3c"
    },
    "cpp11": {
      "Package": "cpp11",
      "Version": "0.5.0",
      "Source": "Repository",
      "Repository": "CRAN",
      "Requirements": [
        "R"
      ],
      "Hash": "91570bba75d0c9d3f1040c835cee8fba"
    },
    "crayon": {
      "Package": "crayon",
      "Version": "1.5.3",
      "Source": "Repository",
      "Repository": "CRAN",
      "Requirements": [
        "grDevices",
        "methods",
        "utils"
      ],
      "Hash": "859d96e65ef198fd43e82b9628d593ef"
    },
    "curl": {
      "Package": "curl",
      "Version": "5.2.2",
      "Source": "Repository",
      "Repository": "CRAN",
      "Requirements": [
        "R"
      ],
      "Hash": "8f27335f2bcff4d6035edcc82d7d46de"
    },
    "data.table": {
      "Package": "data.table",
      "Version": "1.16.0",
      "Source": "Repository",
      "Repository": "CRAN",
      "Requirements": [
        "R",
        "methods"
      ],
      "Hash": "fb24e05d4a91d8b1c7ff8e284bde834a"
    },
    "digest": {
      "Package": "digest",
      "Version": "0.6.37",
      "Source": "Repository",
      "Repository": "CRAN",
      "Requirements": [
        "R",
        "utils"
      ],
      "Hash": "33698c4b3127fc9f506654607fb73676"
    },
    "dipsaus": {
      "Package": "dipsaus",
      "Version": "0.2.9",
      "Source": "Repository",
      "Repository": "CRAN",
      "Requirements": [
        "R",
        "R6",
        "Rcpp",
        "base64enc",
        "cli",
        "digest",
        "fastmap",
        "future",
        "future.apply",
        "grDevices",
        "graphics",
        "jsonlite",
        "parallel",
        "progressr",
        "rlang",
        "rstudioapi",
        "shiny",
        "stats",
        "stringr",
        "utils"
      ],
      "Hash": "61425ee9bf0eee8501a66e2be46d8fff"
    },
    "downloader": {
      "Package": "downloader",
      "Version": "0.4",
      "Source": "Repository",
      "Repository": "CRAN",
      "Requirements": [
        "digest",
        "utils"
      ],
      "Hash": "f4f2a915e0dedbdf016a83b63477349f"
    },
    "edfReader": {
      "Package": "edfReader",
      "Version": "1.2.1",
      "Source": "Repository",
      "Repository": "CRAN",
      "Requirements": [
        "R"
      ],
      "Hash": "3a33518ac04ded1fe7bbf281d811858e"
    },
    "evaluate": {
      "Package": "evaluate",
      "Version": "0.24.0",
      "Source": "Repository",
      "Repository": "CRAN",
      "Requirements": [
        "R",
        "methods"
      ],
      "Hash": "a1066cbc05caee9a4bf6d90f194ff4da"
    },
    "fansi": {
      "Package": "fansi",
      "Version": "1.0.6",
      "Source": "Repository",
      "Repository": "CRAN",
      "Requirements": [
        "R",
        "grDevices",
        "utils"
      ],
      "Hash": "962174cf2aeb5b9eea581522286a911f"
    },
    "fastmap": {
      "Package": "fastmap",
      "Version": "1.2.0",
      "Source": "Repository",
      "Repository": "CRAN",
      "Hash": "aa5e1cd11c2d15497494c5292d7ffcc8"
    },
    "filearray": {
      "Package": "filearray",
      "Version": "0.1.8",
      "Source": "Repository",
      "Repository": "CRAN",
      "Requirements": [
        "BH",
        "Rcpp",
        "digest",
        "fastmap",
        "methods",
        "uuid"
      ],
      "Hash": "72c9d20f9fd97a6e4896dd530aef3b3b"
    },
    "fontawesome": {
      "Package": "fontawesome",
      "Version": "0.5.2",
      "Source": "Repository",
      "Repository": "CRAN",
      "Requirements": [
        "R",
        "htmltools",
        "rlang"
      ],
      "Hash": "c2efdd5f0bcd1ea861c2d4e2a883a67d"
    },
    "freesurferformats": {
      "Package": "freesurferformats",
      "Version": "0.1.18",
      "Source": "Repository",
      "Repository": "CRAN",
      "Requirements": [
        "pkgfilecache",
        "utils",
        "xml2"
      ],
      "Hash": "11ddb72564550c29c70a9876da870e0d"
    },
    "fs": {
      "Package": "fs",
      "Version": "1.6.4",
      "Source": "Repository",
      "Repository": "CRAN",
      "Requirements": [
        "R",
        "methods"
      ],
      "Hash": "15aeb8c27f5ea5161f9f6a641fafd93a"
    },
    "fst": {
      "Package": "fst",
      "Version": "0.9.8",
      "Source": "Repository",
      "Repository": "CRAN",
      "Requirements": [
        "R",
        "Rcpp",
        "fstcore"
      ],
      "Hash": "34637e000c63c3de8d8aafceb82fd082"
    },
    "fstcore": {
      "Package": "fstcore",
      "Version": "0.9.18",
      "Source": "Repository",
      "Repository": "CRAN",
      "Requirements": [
        "R",
        "Rcpp"
      ],
      "Hash": "4c33c7202fcfe741cdea205570305630"
    },
    "future": {
      "Package": "future",
      "Version": "1.34.0",
      "Source": "Repository",
      "Repository": "CRAN",
      "Requirements": [
        "digest",
        "globals",
        "listenv",
        "parallel",
        "parallelly",
        "utils"
      ],
      "Hash": "475771e3edb711591476be387c9a8c2e"
    },
    "future.apply": {
      "Package": "future.apply",
      "Version": "1.11.2",
      "Source": "Repository",
      "Repository": "CRAN",
      "Requirements": [
        "R",
        "future",
        "globals",
        "parallel",
        "utils"
      ],
      "Hash": "afe1507511629f44572e6c53b9baeb7c"
    },
    "gifti": {
      "Package": "gifti",
      "Version": "0.8.0",
      "Source": "Repository",
      "Repository": "CRAN",
      "Requirements": [
        "R.utils",
        "base64enc",
        "tools",
        "utils",
        "xml2"
      ],
      "Hash": "a79147cbf95d248e252cd2b47308d5ee"
    },
    "globals": {
      "Package": "globals",
      "Version": "0.16.3",
      "Source": "Repository",
      "Repository": "CRAN",
      "Requirements": [
        "R",
        "codetools"
      ],
      "Hash": "2580567908cafd4f187c1e5a91e98b7f"
    },
    "glue": {
      "Package": "glue",
      "Version": "1.7.0",
      "Source": "Repository",
      "Repository": "CRAN",
      "Requirements": [
        "R",
        "methods"
      ],
      "Hash": "e0b3a53876554bd45879e596cdb10a52"
    },
    "gsignal": {
      "Package": "gsignal",
      "Version": "0.3-7",
      "Source": "Repository",
      "Repository": "CRAN",
      "Requirements": [
        "R",
        "Rcpp",
        "grDevices",
        "pracma"
      ],
      "Hash": "2699c091614fc1e0920b503185e6064d"
    },
    "hdf5r": {
      "Package": "hdf5r",
      "Version": "1.3.11",
      "Source": "Repository",
      "Repository": "CRAN",
      "Requirements": [
        "R",
        "R6",
        "bit64",
        "methods",
        "utils"
      ],
      "Hash": "8f066454d3c306fa34e2885fbbfd4e1c"
    },
    "here": {
      "Package": "here",
      "Version": "1.0.1",
      "Source": "Repository",
      "Repository": "CRAN",
      "Requirements": [
        "rprojroot"
      ],
      "Hash": "24b224366f9c2e7534d2344d10d59211"
    },
    "highr": {
      "Package": "highr",
      "Version": "0.11",
      "Source": "Repository",
      "Repository": "CRAN",
      "Requirements": [
        "R",
        "xfun"
      ],
      "Hash": "d65ba49117ca223614f71b60d85b8ab7"
    },
    "htmltools": {
      "Package": "htmltools",
      "Version": "0.5.8.1",
      "Source": "Repository",
      "Repository": "CRAN",
      "Requirements": [
        "R",
        "base64enc",
        "digest",
        "fastmap",
        "grDevices",
        "rlang",
        "utils"
      ],
      "Hash": "81d371a9cc60640e74e4ab6ac46dcedc"
    },
    "htmlwidgets": {
      "Package": "htmlwidgets",
      "Version": "1.6.4",
      "Source": "Repository",
      "Repository": "CRAN",
      "Requirements": [
        "grDevices",
        "htmltools",
        "jsonlite",
        "knitr",
        "rmarkdown",
        "yaml"
      ],
      "Hash": "04291cc45198225444a397606810ac37"
    },
    "httpuv": {
      "Package": "httpuv",
      "Version": "1.6.15",
      "Source": "Repository",
      "Repository": "CRAN",
      "Requirements": [
        "R",
        "R6",
        "Rcpp",
        "later",
        "promises",
        "utils"
      ],
      "Hash": "d55aa087c47a63ead0f6fc10f8fa1ee0"
    },
    "igraph": {
      "Package": "igraph",
      "Version": "2.0.3",
      "Source": "Repository",
      "Repository": "CRAN",
      "Requirements": [
        "Matrix",
        "R",
        "cli",
        "cpp11",
        "grDevices",
        "graphics",
        "lifecycle",
        "magrittr",
        "methods",
        "pkgconfig",
        "rlang",
        "stats",
        "utils",
        "vctrs"
      ],
      "Hash": "c3b7d801d722e26e4cd888e042bf9af5"
    },
    "jquerylib": {
      "Package": "jquerylib",
      "Version": "0.1.4",
      "Source": "Repository",
      "Repository": "CRAN",
      "Requirements": [
        "htmltools"
      ],
      "Hash": "5aab57a3bd297eee1c1d862735972182"
    },
    "jsonlite": {
      "Package": "jsonlite",
      "Version": "1.8.8",
      "Source": "Repository",
      "Repository": "CRAN",
      "Requirements": [
        "methods"
      ],
      "Hash": "e1b9c55281c5adc4dd113652d9e26768"
    },
    "knitr": {
      "Package": "knitr",
      "Version": "1.48",
      "Source": "Repository",
      "Repository": "CRAN",
      "Requirements": [
        "R",
        "evaluate",
        "highr",
        "methods",
        "tools",
        "xfun",
        "yaml"
      ],
      "Hash": "acf380f300c721da9fde7df115a5f86f"
    },
    "later": {
      "Package": "later",
      "Version": "1.3.2",
      "Source": "Repository",
      "Repository": "CRAN",
      "Requirements": [
        "Rcpp",
        "rlang"
      ],
      "Hash": "a3e051d405326b8b0012377434c62b37"
    },
    "lattice": {
      "Package": "lattice",
      "Version": "0.22-6",
      "Source": "Repository",
      "Repository": "CRAN",
      "Requirements": [
        "R",
        "grDevices",
        "graphics",
        "grid",
        "stats",
        "utils"
      ],
      "Hash": "cc5ac1ba4c238c7ca9fa6a87ca11a7e2"
    },
    "lifecycle": {
      "Package": "lifecycle",
      "Version": "1.0.4",
      "Source": "Repository",
      "Repository": "CRAN",
      "Requirements": [
        "R",
        "cli",
        "glue",
        "rlang"
      ],
      "Hash": "b8552d117e1b808b09a832f589b79035"
    },
    "listenv": {
      "Package": "listenv",
      "Version": "0.9.1",
      "Source": "Repository",
      "Repository": "CRAN",
      "Requirements": [
        "R"
      ],
      "Hash": "e2fca3e12e4db979dccc6e519b10a7ee"
    },
    "magrittr": {
      "Package": "magrittr",
      "Version": "2.0.3",
      "Source": "Repository",
      "Repository": "CRAN",
      "Requirements": [
        "R"
      ],
      "Hash": "7ce2733a9826b3aeb1775d56fd305472"
    },
    "memoise": {
      "Package": "memoise",
      "Version": "2.0.1",
      "Source": "Repository",
      "Repository": "CRAN",
      "Requirements": [
        "cachem",
        "rlang"
      ],
      "Hash": "e2817ccf4a065c5d9d7f2cfbe7c1d78c"
    },
    "mime": {
      "Package": "mime",
      "Version": "0.12",
      "Source": "Repository",
      "Repository": "CRAN",
      "Requirements": [
        "tools"
      ],
      "Hash": "18e9c28c1d3ca1560ce30658b22ce104"
    },
    "multitaper": {
      "Package": "multitaper",
      "Version": "1.0-17",
      "Source": "Repository",
      "Repository": "CRAN",
      "Requirements": [
        "R",
        "methods"
      ],
      "Hash": "29a4db6175aa4b8ff7e9764eedbd787b"
    },
    "ore": {
      "Package": "ore",
      "Version": "1.7.4.1",
      "Source": "Repository",
      "Repository": "CRAN",
      "Hash": "13719748eef5f77561bd0851adc29d9a"
    },
    "oro.nifti": {
      "Package": "oro.nifti",
      "Version": "0.11.4",
      "Source": "Repository",
      "Repository": "CRAN",
      "Requirements": [
        "R",
        "RNifti",
        "abind",
        "bitops",
        "grDevices",
        "graphics",
        "methods",
        "splines",
        "stats",
        "utils"
      ],
      "Hash": "d69e33af0b2db93a1f3dcc4a5888379b"
    },
    "parallelly": {
      "Package": "parallelly",
      "Version": "1.38.0",
      "Source": "Repository",
      "Repository": "CRAN",
      "Requirements": [
        "parallel",
        "tools",
        "utils"
      ],
      "Hash": "6e8b139c1904f5e9e14c69db64453bbe"
    },
    "pbdZMQ": {
      "Package": "pbdZMQ",
      "Version": "0.3-12",
      "Source": "Repository",
      "Repository": "CRAN",
      "Requirements": [
        "R"
      ],
      "Hash": "e1565c55ea0d170e8d6400e72eff8112"
    },
    "pillar": {
      "Package": "pillar",
      "Version": "1.9.0",
      "Source": "Repository",
      "Repository": "CRAN",
      "Requirements": [
        "cli",
        "fansi",
        "glue",
        "lifecycle",
        "rlang",
        "utf8",
        "utils",
        "vctrs"
      ],
      "Hash": "15da5a8412f317beeee6175fbc76f4bb"
    },
    "pkgconfig": {
      "Package": "pkgconfig",
      "Version": "2.0.3",
      "Source": "Repository",
      "Repository": "CRAN",
      "Requirements": [
        "utils"
      ],
      "Hash": "01f28d4278f15c76cddbea05899c5d6f"
    },
    "pkgfilecache": {
      "Package": "pkgfilecache",
      "Version": "0.1.5",
      "Source": "Repository",
      "Repository": "CRAN",
      "Requirements": [
        "curl",
        "downloader",
        "rappdirs"
      ],
      "Hash": "3b946d443b6a2a65d9d3e292c40ed6dc"
    },
    "png": {
      "Package": "png",
      "Version": "0.1-8",
      "Source": "Repository",
      "Repository": "CRAN",
      "Requirements": [
        "R"
      ],
      "Hash": "bd54ba8a0a5faded999a7aab6e46b374"
    },
    "pracma": {
      "Package": "pracma",
      "Version": "2.4.4",
      "Source": "Repository",
      "Repository": "CRAN",
      "Requirements": [
        "R",
        "grDevices",
        "graphics",
        "stats",
        "utils"
      ],
      "Hash": "44bc172d47d1ea0a638d9f299e321203"
    },
    "processx": {
      "Package": "processx",
      "Version": "3.8.4",
      "Source": "Repository",
      "Repository": "CRAN",
      "Requirements": [
        "R",
        "R6",
        "ps",
        "utils"
      ],
      "Hash": "0c90a7d71988856bad2a2a45dd871bb9"
    },
    "progressr": {
      "Package": "progressr",
      "Version": "0.14.0",
      "Source": "Repository",
      "Repository": "CRAN",
      "Requirements": [
        "R",
        "digest",
        "utils"
      ],
      "Hash": "ac50c4ffa8f6a46580dd4d7813add3c4"
    },
    "promises": {
      "Package": "promises",
      "Version": "1.3.0",
      "Source": "Repository",
      "Repository": "CRAN",
      "Requirements": [
        "R6",
        "Rcpp",
        "fastmap",
        "later",
        "magrittr",
        "rlang",
        "stats"
      ],
      "Hash": "434cd5388a3979e74be5c219bcd6e77d"
    },
    "ps": {
      "Package": "ps",
      "Version": "1.8.0",
      "Source": "Repository",
      "Repository": "CRAN",
      "Requirements": [
        "R",
        "utils"
      ],
      "Hash": "4b9c8485b0c7eecdf0a9ba5132a45576"
    },
    "rappdirs": {
      "Package": "rappdirs",
      "Version": "0.3.3",
      "Source": "Repository",
      "Repository": "CRAN",
      "Requirements": [
        "R"
      ],
      "Hash": "5e3c5dc0b071b21fa128676560dbe94d"
    },
    "raveio": {
      "Package": "raveio",
      "Version": "0.9.0.71",
      "Source": "Repository",
      "Repository": "raveieeg",
      "Requirements": [
        "R.matlab",
        "R6",
        "callr",
        "checkmate",
        "data.table",
        "dipsaus",
        "edfReader",
        "filearray",
        "fst",
        "globals",
        "glue",
        "hdf5r",
        "promises",
        "ravetools",
        "remotes",
        "rpymat",
        "stringr",
        "targets",
        "threeBrain",
        "utils",
        "yaml"
      ],
      "Hash": "40f2851b5e03c5a30fc4be348878a417"
    },
    "ravetools": {
      "Package": "ravetools",
      "Version": "0.1.8",
      "Source": "Repository",
      "Repository": "CRAN",
      "Requirements": [
        "R",
        "R6",
        "RNiftyReg",
        "Rcpp",
        "RcppEigen",
        "digest",
        "filearray",
        "graphics",
        "gsignal",
        "pracma",
        "splines",
        "stats",
        "waveslim"
      ],
      "Hash": "25144d4575d2bcede47f7b71dc6fcffe"
    },
    "remotes": {
      "Package": "remotes",
      "Version": "2.5.0",
      "Source": "Repository",
      "Repository": "CRAN",
      "Requirements": [
        "R",
        "methods",
        "stats",
        "tools",
        "utils"
      ],
      "Hash": "3ee025083e66f18db6cf27b56e23e141"
    },
    "renv": {
      "Package": "renv",
      "Version": "1.0.7",
      "Source": "Repository",
      "Repository": "CRAN",
      "Requirements": [
        "utils"
      ],
      "Hash": "397b7b2a265bc5a7a06852524dabae20"
    },
    "repr": {
      "Package": "repr",
      "Version": "1.1.7",
      "Source": "Repository",
      "Repository": "CRAN",
      "Requirements": [
        "R",
        "base64enc",
        "grDevices",
        "htmltools",
        "jsonlite",
        "pillar",
        "utils"
      ],
      "Hash": "1393acc49816f4fe143d87fb33e75631"
    },
    "reticulate": {
      "Package": "reticulate",
      "Version": "1.39.0",
      "Source": "Repository",
      "Repository": "CRAN",
      "Requirements": [
        "Matrix",
        "R",
        "Rcpp",
        "RcppTOML",
        "graphics",
        "here",
        "jsonlite",
        "methods",
        "png",
        "rappdirs",
        "rlang",
        "utils",
        "withr"
      ],
      "Hash": "e1a5d04397edc1580c5e0ed1dbdccf76"
    },
    "rlang": {
      "Package": "rlang",
      "Version": "1.1.4",
      "Source": "Repository",
      "Repository": "CRAN",
      "Requirements": [
        "R",
        "utils"
      ],
      "Hash": "3eec01f8b1dee337674b2e34ab1f9bc1"
    },
    "rmarkdown": {
      "Package": "rmarkdown",
      "Version": "2.28",
      "Source": "Repository",
      "Repository": "CRAN",
      "Requirements": [
        "R",
        "bslib",
        "evaluate",
        "fontawesome",
        "htmltools",
        "jquerylib",
        "jsonlite",
        "knitr",
        "methods",
        "tinytex",
        "tools",
        "utils",
        "xfun",
        "yaml"
      ],
      "Hash": "062470668513dcda416927085ee9bdc7"
    },
    "rprojroot": {
      "Package": "rprojroot",
      "Version": "2.0.4",
      "Source": "Repository",
      "Repository": "CRAN",
      "Requirements": [
        "R"
      ],
      "Hash": "4c8415e0ec1e29f3f4f6fc108bef0144"
    },
    "rpymat": {
      "Package": "rpymat",
      "Version": "0.1.7",
      "Source": "Repository",
      "Repository": "raveieeg",
      "Requirements": [
        "IRkernel",
        "fastmap",
        "glue",
        "jsonlite",
        "rappdirs",
        "reticulate",
        "rstudioapi",
        "utils"
      ],
      "Hash": "8a9271a920771cec0032eaaf5e0ad633"
    },
    "rstudioapi": {
      "Package": "rstudioapi",
      "Version": "0.16.0",
      "Source": "Repository",
      "Repository": "CRAN",
      "Hash": "96710351d642b70e8f02ddeb237c46a7"
    },
    "sass": {
      "Package": "sass",
      "Version": "0.4.9",
      "Source": "Repository",
      "Repository": "CRAN",
      "Requirements": [
        "R6",
        "fs",
        "htmltools",
        "rappdirs",
        "rlang"
      ],
      "Hash": "d53dbfddf695303ea4ad66f86e99b95d"
    },
    "secretbase": {
      "Package": "secretbase",
      "Version": "1.0.2",
      "Source": "Repository",
      "Repository": "CRAN",
      "Requirements": [
        "R"
      ],
      "Hash": "02cf6443f61f1521def1ef3d6ce3638c"
    },
    "servr": {
      "Package": "servr",
      "Version": "0.31",
      "Source": "Repository",
      "Repository": "CRAN",
      "Requirements": [
        "R",
        "httpuv",
        "jsonlite",
        "mime",
        "xfun"
      ],
      "Hash": "114c0484a22b8d3faa9bb2f1a7a71850"
    },
    "shiny": {
      "Package": "shiny",
      "Version": "1.9.1",
      "Source": "Repository",
      "Repository": "CRAN",
      "Requirements": [
        "R",
        "R6",
        "bslib",
        "cachem",
        "commonmark",
        "crayon",
        "fastmap",
        "fontawesome",
        "glue",
        "grDevices",
        "htmltools",
        "httpuv",
        "jsonlite",
        "later",
        "lifecycle",
        "methods",
        "mime",
        "promises",
        "rlang",
        "sourcetools",
        "tools",
        "utils",
        "withr",
        "xtable"
      ],
      "Hash": "6a293995a66e12c48d13aa1f957d09c7"
    },
    "sourcetools": {
      "Package": "sourcetools",
      "Version": "0.1.7-1",
      "Source": "Repository",
      "Repository": "CRAN",
      "Requirements": [
        "R"
      ],
      "Hash": "5f5a7629f956619d519205ec475fe647"
    },
    "stringi": {
      "Package": "stringi",
      "Version": "1.8.4",
      "Source": "Repository",
      "Repository": "CRAN",
      "Requirements": [
        "R",
        "stats",
        "tools",
        "utils"
      ],
      "Hash": "39e1144fd75428983dc3f63aa53dfa91"
    },
    "stringr": {
      "Package": "stringr",
      "Version": "1.5.1",
      "Source": "Repository",
      "Repository": "CRAN",
      "Requirements": [
        "R",
        "cli",
        "glue",
        "lifecycle",
        "magrittr",
        "rlang",
        "stringi",
        "vctrs"
      ],
      "Hash": "960e2ae9e09656611e0b8214ad543207"
    },
    "targets": {
      "Package": "targets",
      "Version": "1.7.1",
      "Source": "Repository",
      "Repository": "CRAN",
      "Requirements": [
        "R",
        "R6",
        "base64url",
        "callr",
        "cli",
        "codetools",
        "data.table",
        "igraph",
        "knitr",
        "ps",
        "rlang",
        "secretbase",
        "stats",
        "tibble",
        "tidyselect",
        "tools",
        "utils",
        "vctrs",
        "yaml"
      ],
      "Hash": "d79b21ef513564351577d7064e1fc4dd"
    },
    "threeBrain": {
      "Package": "threeBrain",
      "Version": "1.1.1.9014",
      "Source": "Repository",
      "Repository": "raveieeg",
      "Requirements": [
        "R6",
        "digest",
        "dipsaus",
        "freesurferformats",
        "gifti",
        "grDevices",
        "graphics",
        "htmlwidgets",
        "jsonlite",
        "knitr",
        "oro.nifti",
        "png",
        "servr",
        "shiny",
        "stringr",
        "utils",
        "xml2"
      ],
      "Hash": "8afdbc6ac5539feeaeb965e27c32498b"
    },
    "tibble": {
      "Package": "tibble",
      "Version": "3.2.1",
      "Source": "Repository",
      "Repository": "CRAN",
      "Requirements": [
        "R",
        "fansi",
        "lifecycle",
        "magrittr",
        "methods",
        "pillar",
        "pkgconfig",
        "rlang",
        "utils",
        "vctrs"
      ],
      "Hash": "a84e2cc86d07289b3b6f5069df7a004c"
    },
    "tidyselect": {
      "Package": "tidyselect",
      "Version": "1.2.1",
      "Source": "Repository",
      "Repository": "CRAN",
      "Requirements": [
        "R",
        "cli",
        "glue",
        "lifecycle",
        "rlang",
        "vctrs",
        "withr"
      ],
      "Hash": "829f27b9c4919c16b593794a6344d6c0"
    },
    "tinytex": {
      "Package": "tinytex",
      "Version": "0.52",
      "Source": "Repository",
      "Repository": "CRAN",
      "Requirements": [
        "xfun"
      ],
      "Hash": "cfbad971a71f0e27cec22e544a08bc3b"
    },
    "utf8": {
      "Package": "utf8",
      "Version": "1.2.4",
      "Source": "Repository",
      "Repository": "CRAN",
      "Requirements": [
        "R"
      ],
      "Hash": "62b65c52671e6665f803ff02954446e9"
    },
    "uuid": {
      "Package": "uuid",
      "Version": "1.2-1",
      "Source": "Repository",
      "Repository": "CRAN",
      "Requirements": [
        "R"
      ],
      "Hash": "34e965e62a41fcafb1ca60e9b142085b"
    },
    "vctrs": {
      "Package": "vctrs",
      "Version": "0.6.5",
      "Source": "Repository",
      "Repository": "CRAN",
      "Requirements": [
        "R",
        "cli",
        "glue",
        "lifecycle",
        "rlang"
      ],
      "Hash": "c03fa420630029418f7e6da3667aac4a"
    },
    "waveslim": {
      "Package": "waveslim",
      "Version": "1.8.5",
      "Source": "Repository",
      "Repository": "CRAN",
      "Requirements": [
        "R",
        "grDevices",
        "graphics",
        "multitaper",
        "stats",
        "utils"
      ],
      "Hash": "4df5bdeeeee3d16a6571f34735cd7fa0"
    },
    "withr": {
      "Package": "withr",
      "Version": "3.0.1",
      "Source": "Repository",
      "Repository": "CRAN",
      "Requirements": [
        "R",
        "grDevices",
        "graphics"
      ],
      "Hash": "07909200e8bbe90426fbfeb73e1e27aa"
    },
    "xfun": {
      "Package": "xfun",
      "Version": "0.47",
      "Source": "Repository",
      "Repository": "CRAN",
      "Requirements": [
        "R",
        "grDevices",
        "stats",
        "tools"
      ],
      "Hash": "36ab21660e2d095fef0d83f689e0477c"
    },
    "xml2": {
      "Package": "xml2",
      "Version": "1.3.6",
      "Source": "Repository",
      "Repository": "CRAN",
      "Requirements": [
        "R",
        "cli",
        "methods",
        "rlang"
      ],
      "Hash": "1d0336142f4cd25d8d23cd3ba7a8fb61"
    },
    "xtable": {
      "Package": "xtable",
      "Version": "1.8-4",
      "Source": "Repository",
      "Repository": "CRAN",
      "Requirements": [
        "R",
        "stats",
        "utils"
      ],
      "Hash": "b8acdf8af494d9ec19ccb2481a9b11c2"
    },
    "yaml": {
      "Package": "yaml",
      "Version": "2.3.10",
      "Source": "Repository",
      "Repository": "CRAN",
      "Hash": "51dab85c6c98e50a18d7551e9d49f76c"
    }
  }
}
