{
  "R": {
    "Version": "4.5.0",
    "Repositories": [
      {
        "Name": "raveieeg",
        "URL": "https://rave-ieeg.r-universe.dev"
      },
      {
        "Name": "CRAN",
        "URL": "https://cloud.r-project.org"
      }
    ]
  },
  "Packages": {
    "BH": {
      "Package": "BH",
      "Version": "1.87.0-1",
      "Source": "Repository",
      "Repository": "CRAN",
      "Hash": "468d9a03ba57f22ebde50060fd13ba9f"
    },
    "IRdisplay": {
      "Package": "IRdisplay",
      "Version": "1.1",
      "Source": "Repository",
      "Repository": "CRAN",
      "Requirements": [
        "R",
        "methods",
        "repr"
      ],
      "Hash": "5ea7862cfcd8b146f233ed1ac9fb8eda"
    },
    "IRkernel": {
      "Package": "IRkernel",
      "Version": "1.3.2",
      "Source": "Repository",
      "Repository": "CRAN",
      "Requirements": [
        "IRdisplay",
        "R",
        "crayon",
        "digest",
        "evaluate",
        "jsonlite",
        "methods",
        "pbdZMQ",
        "repr",
        "uuid"
      ],
      "Hash": "e57f593112825c91949debb0da1d45d6"
    },
    "Matrix": {
      "Package": "Matrix",
      "Version": "1.7-3",
      "Source": "Repository",
      "Repository": "CRAN",
      "Requirements": [
        "R",
        "grDevices",
        "graphics",
        "grid",
        "lattice",
        "methods",
        "stats",
        "utils"
      ],
      "Hash": "fb578c2b5d796882c60e9f770352f7c4"
    },
    "R.matlab": {
      "Package": "R.matlab",
      "Version": "3.7.0",
      "Source": "Repository",
      "Repository": "CRAN",
      "Requirements": [
        "R",
        "R.methodsS3",
        "R.oo",
        "R.utils",
        "methods",
        "utils"
      ],
      "Hash": "e64c6e63521ce9407e8deacecab95b11"
    },
    "R.methodsS3": {
      "Package": "R.methodsS3",
      "Version": "1.8.2",
      "Source": "Repository",
      "Repository": "CRAN",
      "Requirements": [
        "R",
        "utils"
      ],
      "Hash": "278c286fd6e9e75d0c2e8f731ea445c8"
    },
    "R.oo": {
      "Package": "R.oo",
      "Version": "1.27.0",
      "Source": "Repository",
      "Repository": "CRAN",
      "Requirements": [
        "R",
        "R.methodsS3",
        "methods",
        "utils"
      ],
      "Hash": "6ac79ff194202248cf946fe3a5d6d498"
    },
    "R.utils": {
      "Package": "R.utils",
      "Version": "2.13.0",
      "Source": "Repository",
      "Repository": "CRAN",
      "Requirements": [
        "R",
        "R.methodsS3",
        "R.oo",
        "methods",
        "tools",
        "utils"
      ],
      "Hash": "d32373d88da809f8974d5307481862b0"
    },
    "R6": {
      "Package": "R6",
      "Version": "2.6.1",
      "Source": "Repository",
      "Repository": "CRAN",
      "Requirements": [
        "R"
      ],
      "Hash": "d4335fe7207f1c01ab8c41762f5840d4"
    },
    "RNifti": {
      "Package": "RNifti",
      "Version": "1.8.0",
      "Source": "Repository",
      "Repository": "CRAN",
      "Requirements": [
        "Rcpp"
      ],
      "Hash": "448d2558ce815b2d1c5013817b47833a"
    },
    "RNiftyReg": {
      "Package": "RNiftyReg",
      "Version": "2.8.4",
      "Source": "Repository",
      "Repository": "CRAN",
      "Requirements": [
        "RNifti",
        "Rcpp",
        "RcppEigen"
      ],
      "Hash": "4a63c86ffec2df30d06e7432ffe8b21c"
    },
    "Rcpp": {
      "Package": "Rcpp",
      "Version": "1.0.14",
      "Source": "Repository",
      "Repository": "CRAN",
      "Requirements": [
        "methods",
        "utils"
      ],
      "Hash": "e7bdd9ee90e96921ca8a0f1972d66682"
    },
    "RcppEigen": {
      "Package": "RcppEigen",
      "Version": "0.3.4.0.2",
      "Source": "Repository",
      "Repository": "CRAN",
      "Requirements": [
        "R",
        "Rcpp",
        "stats",
        "utils"
      ],
      "Hash": "4ac8e423216b8b70cb9653d1b3f71eb9"
    },
    "RcppTOML": {
      "Package": "RcppTOML",
      "Version": "0.2.3",
      "Source": "Repository",
      "Repository": "CRAN",
      "Requirements": [
        "R",
        "Rcpp"
      ],
      "Hash": "23eeca7d3c7d63fc7449108c0a66178c"
    },
    "abind": {
      "Package": "abind",
      "Version": "1.4-8",
      "Source": "Repository",
      "Repository": "CRAN",
      "Requirements": [
        "R",
        "methods",
        "utils"
      ],
      "Hash": "2288423bb0f20a457800d7fc47f6aa54"
    },
    "backports": {
      "Package": "backports",
      "Version": "1.5.0",
      "Source": "Repository",
      "Repository": "CRAN",
      "Requirements": [
        "R"
      ],
      "Hash": "e1e1b9d75c37401117b636b7ae50827a"
    },
    "base64enc": {
      "Package": "base64enc",
      "Version": "0.1-3",
      "Source": "Repository",
      "Repository": "CRAN",
      "Requirements": [
        "R"
      ],
      "Hash": "543776ae6848fde2f48ff3816d0628bc"
    },
    "base64url": {
      "Package": "base64url",
      "Version": "1.4",
      "Source": "Repository",
      "Repository": "CRAN",
      "Requirements": [
        "backports"
      ],
      "Hash": "0c54cf3a08cc0e550fbd64ad33166143"
    },
    "bit": {
      "Package": "bit",
      "Version": "4.6.0",
      "Source": "Repository",
      "Repository": "CRAN",
      "Requirements": [
        "R"
      ],
      "Hash": "ebe86ffd194564abdc895d87742d5a29"
    },
    "bit64": {
      "Package": "bit64",
      "Version": "4.6.0-1",
      "Source": "Repository",
      "Repository": "CRAN",
      "Requirements": [
        "R",
        "bit",
        "graphics",
        "methods",
        "stats",
        "utils"
      ],
      "Hash": "4f572fbc586294afff277db583b9060f"
    },
    "bitops": {
      "Package": "bitops",
      "Version": "1.0-9",
      "Source": "Repository",
      "Repository": "CRAN",
      "Hash": "d972ef991d58c19e6efa71b21f5e144b"
    },
    "bslib": {
      "Package": "bslib",
      "Version": "0.9.0",
      "Source": "Repository",
      "Repository": "CRAN",
      "Requirements": [
        "R",
        "base64enc",
        "cachem",
        "fastmap",
        "grDevices",
        "htmltools",
        "jquerylib",
        "jsonlite",
        "lifecycle",
        "memoise",
        "mime",
        "rlang",
        "sass"
      ],
      "Hash": "70a6489cc254171fb9b4a7f130f44dca"
    },
    "cachem": {
      "Package": "cachem",
      "Version": "1.1.0",
      "Source": "Repository",
      "Repository": "CRAN",
      "Requirements": [
        "fastmap",
        "rlang"
      ],
      "Hash": "cd9a672193789068eb5a2aad65a0dedf"
    },
    "callr": {
      "Package": "callr",
      "Version": "3.7.6",
      "Source": "Repository",
      "Repository": "CRAN",
      "Requirements": [
        "R",
        "R6",
        "processx",
        "utils"
      ],
      "Hash": "d7e13f49c19103ece9e58ad2d83a7354"
    },
    "checkmate": {
      "Package": "checkmate",
      "Version": "2.3.2",
      "Source": "Repository",
      "Repository": "CRAN",
      "Requirements": [
        "R",
        "backports",
        "utils"
      ],
      "Hash": "0e14e01ce07e7c88fd25de6d4260d26b"
    },
    "cli": {
      "Package": "cli",
      "Version": "3.6.4",
      "Source": "Repository",
      "Repository": "CRAN",
      "Requirements": [
        "R",
        "utils"
      ],
      "Hash": "491c34d3d9dd0d2fe13d9f278bb90795"
    },
    "codetools": {
      "Package": "codetools",
      "Version": "0.2-20",
      "Source": "Repository",
      "Repository": "CRAN",
      "Requirements": [
        "R"
      ],
      "Hash": "61e097f35917d342622f21cdc79c256e"
    },
    "commonmark": {
      "Package": "commonmark",
      "Version": "1.9.5",
      "Source": "Repository",
      "Repository": "CRAN",
      "Hash": "4ac08754c8ed35996b7c343fbb22885a"
    },
    "cpp11": {
      "Package": "cpp11",
      "Version": "0.5.2",
      "Source": "Repository",
      "Repository": "CRAN",
      "Requirements": [
        "R"
      ],
      "Hash": "2720e3fd3dad08f34b19b56b3d6f073d"
    },
    "crayon": {
      "Package": "crayon",
      "Version": "1.5.3",
      "Source": "Repository",
      "Repository": "CRAN",
      "Requirements": [
        "grDevices",
        "methods",
        "utils"
      ],
      "Hash": "859d96e65ef198fd43e82b9628d593ef"
    },
    "curl": {
      "Package": "curl",
      "Version": "6.2.2",
      "Source": "Repository",
      "Repository": "CRAN",
      "Requirements": [
        "R"
      ],
      "Hash": "e4f9e10b18f453a1b7eaf38247dad4fe"
    },
    "data.table": {
      "Package": "data.table",
      "Version": "1.17.0",
      "Source": "Repository",
      "Repository": "CRAN",
      "Requirements": [
        "R",
        "methods"
      ],
      "Hash": "d06cd1a942bb17b607df7d57048d6840"
    },
    "digest": {
      "Package": "digest",
      "Version": "0.6.37",
      "Source": "Repository",
      "Repository": "CRAN",
      "Requirements": [
        "R",
        "utils"
      ],
      "Hash": "33698c4b3127fc9f506654607fb73676"
    },
    "dipsaus": {
      "Package": "dipsaus",
      "Version": "0.3.1",
      "Source": "Repository",
      "Repository": "raveieeg",
      "Requirements": [
        "R",
        "R6",
        "Rcpp",
        "base64enc",
        "cli",
        "digest",
        "fastmap",
        "future",
        "future.apply",
        "grDevices",
        "graphics",
        "jsonlite",
        "parallel",
        "progressr",
        "rlang",
        "rstudioapi",
        "shiny",
        "stats",
        "stringr",
        "utils"
      ],
      "Hash": "1902e7e3bdc370d2a1caa936e232eb3c"
    },
    "downloader": {
      "Package": "downloader",
      "Version": "0.4.1",
      "Source": "Repository",
      "Repository": "CRAN",
      "Requirements": [
        "digest",
        "utils"
      ],
      "Hash": "df7384bf09a1f634737f374375cbb106"
    },
    "edfReader": {
      "Package": "edfReader",
      "Version": "1.2.1",
      "Source": "Repository",
      "Repository": "CRAN",
      "Requirements": [
        "R"
      ],
      "Hash": "3a33518ac04ded1fe7bbf281d811858e"
    },
    "evaluate": {
      "Package": "evaluate",
      "Version": "1.0.3",
      "Source": "Repository",
      "Repository": "CRAN",
      "Requirements": [
        "R"
      ],
      "Hash": "e9651417729bbe7472e32b5027370e79"
    },
    "fansi": {
      "Package": "fansi",
      "Version": "1.0.6",
      "Source": "Repository",
      "Repository": "CRAN",
      "Requirements": [
        "R",
        "grDevices",
        "utils"
      ],
      "Hash": "962174cf2aeb5b9eea581522286a911f"
    },
    "fastmap": {
      "Package": "fastmap",
      "Version": "1.2.0",
      "Source": "Repository",
      "Repository": "CRAN",
      "Hash": "aa5e1cd11c2d15497494c5292d7ffcc8"
    },
    "filearray": {
      "Package": "filearray",
      "Version": "0.2.0",
      "Source": "Repository",
      "Repository": "raveieeg",
      "Requirements": [
        "BH",
        "Rcpp",
        "digest",
        "fastmap",
        "methods",
        "uuid"
      ],
      "Hash": "3363ea4e4bc14e5288cba862c338613b"
    },
    "fontawesome": {
      "Package": "fontawesome",
      "Version": "0.5.3",
      "Source": "Repository",
      "Repository": "CRAN",
      "Requirements": [
        "R",
        "htmltools",
        "rlang"
      ],
      "Hash": "bd1297f9b5b1fc1372d19e2c4cd82215"
    },
    "freesurferformats": {
      "Package": "freesurferformats",
      "Version": "0.1.18",
      "Source": "Repository",
      "Repository": "CRAN",
      "Requirements": [
        "pkgfilecache",
        "utils",
        "xml2"
      ],
      "Hash": "11ddb72564550c29c70a9876da870e0d"
    },
    "fs": {
      "Package": "fs",
      "Version": "1.6.6",
      "Source": "Repository",
      "Repository": "CRAN",
      "Requirements": [
        "R",
        "methods"
      ],
      "Hash": "7eb1e342eee7e0a7449c49cdaa526d39"
    },
    "fst": {
      "Package": "fst",
      "Version": "0.9.8",
      "Source": "Repository",
      "Repository": "CRAN",
      "Requirements": [
        "R",
        "Rcpp",
        "fstcore"
      ],
      "Hash": "34637e000c63c3de8d8aafceb82fd082"
    },
    "fstcore": {
      "Package": "fstcore",
      "Version": "0.10.0",
      "Source": "Repository",
      "Repository": "CRAN",
      "Requirements": [
        "R",
        "Rcpp"
      ],
      "Hash": "cadf9fe02c318c5dc3a782c8c98c9e1c"
    },
    "future": {
      "Package": "future",
      "Version": "1.40.0",
      "Source": "Repository",
      "Repository": "CRAN",
      "Requirements": [
        "R",
        "digest",
        "globals",
        "listenv",
        "parallel",
        "parallelly",
        "utils"
      ],
      "Hash": "b70fbf0e3cfb7efcdfde3643365aee7e"
    },
    "future.apply": {
      "Package": "future.apply",
      "Version": "1.11.3",
      "Source": "Repository",
      "Repository": "CRAN",
      "Requirements": [
        "R",
        "future",
        "globals",
        "parallel",
        "utils"
      ],
      "Hash": "0efead26b03bb60716ed29971b1953dc"
    },
    "gifti": {
      "Package": "gifti",
      "Version": "0.8.0",
      "Source": "Repository",
      "Repository": "CRAN",
      "Requirements": [
        "R.utils",
        "base64enc",
        "tools",
        "utils",
        "xml2"
      ],
      "Hash": "a79147cbf95d248e252cd2b47308d5ee"
    },
    "globals": {
      "Package": "globals",
      "Version": "0.17.0",
      "Source": "Repository",
      "Repository": "CRAN",
      "Requirements": [
        "R",
        "codetools"
      ],
      "Hash": "b3789a625be4a9825af3f7aff4e85223"
    },
    "glue": {
      "Package": "glue",
      "Version": "1.8.0",
      "Source": "Repository",
      "Repository": "CRAN",
      "Requirements": [
        "R",
        "methods"
      ],
      "Hash": "5899f1eaa825580172bb56c08266f37c"
    },
    "gsignal": {
      "Package": "gsignal",
      "Version": "0.3-7",
      "Source": "Repository",
      "Repository": "CRAN",
      "Requirements": [
        "R",
        "Rcpp",
        "grDevices",
        "pracma"
      ],
      "Hash": "2699c091614fc1e0920b503185e6064d"
    },
    "hdf5r": {
      "Package": "hdf5r",
      "Version": "1.3.12",
      "Source": "Repository",
      "Repository": "CRAN",
      "Requirements": [
        "R",
        "R6",
        "bit64",
        "methods",
        "utils"
      ],
      "Hash": "697780d27f201a778615764861718401"
    },
    "here": {
      "Package": "here",
      "Version": "1.0.1",
      "Source": "Repository",
      "Repository": "CRAN",
      "Requirements": [
        "rprojroot"
      ],
      "Hash": "24b224366f9c2e7534d2344d10d59211"
    },
    "highr": {
      "Package": "highr",
      "Version": "0.11",
      "Source": "Repository",
      "Repository": "CRAN",
      "Requirements": [
        "R",
        "xfun"
      ],
      "Hash": "d65ba49117ca223614f71b60d85b8ab7"
    },
    "htmltools": {
      "Package": "htmltools",
      "Version": "0.5.8.1",
      "Source": "Repository",
      "Repository": "CRAN",
      "Requirements": [
        "R",
        "base64enc",
        "digest",
        "fastmap",
        "grDevices",
        "rlang",
        "utils"
      ],
      "Hash": "81d371a9cc60640e74e4ab6ac46dcedc"
    },
    "htmlwidgets": {
      "Package": "htmlwidgets",
      "Version": "1.6.4",
      "Source": "Repository",
      "Repository": "CRAN",
      "Requirements": [
        "grDevices",
        "htmltools",
        "jsonlite",
        "knitr",
        "rmarkdown",
        "yaml"
      ],
      "Hash": "04291cc45198225444a397606810ac37"
    },
    "httpuv": {
      "Package": "httpuv",
      "Version": "1.6.16",
      "Source": "Repository",
      "Repository": "CRAN",
      "Requirements": [
        "R",
        "R6",
        "Rcpp",
        "later",
        "promises",
        "utils"
      ],
      "Hash": "6c3c8728e40326de6529a5c46e377e5c"
    },
    "ieegio": {
      "Package": "ieegio",
      "Version": "0.0.4.9003",
      "Source": "Repository",
      "Repository": "raveieeg",
      "Requirements": [
        "R.matlab",
        "R6",
        "data.table",
        "digest",
        "fastmap",
        "filearray",
        "freesurferformats",
        "fs",
        "fst",
        "gifti",
        "grDevices",
        "hdf5r",
        "jsonlite",
        "oro.nifti",
        "readNSx",
        "rpyANTs",
        "stringr",
        "utils",
        "yaml"
      ],
      "Hash": "0e64dba249162dac342bc52687eafd3a"
    },
    "igraph": {
      "Package": "igraph",
      "Version": "2.1.4",
      "Source": "Repository",
      "Repository": "CRAN",
      "Requirements": [
        "Matrix",
        "R",
        "cli",
        "cpp11",
        "grDevices",
        "graphics",
        "lifecycle",
        "magrittr",
        "methods",
        "pkgconfig",
        "rlang",
        "stats",
        "utils",
        "vctrs"
      ],
      "Hash": "db7352c3d239d0a319d2e3d0d040ed16"
    },
    "jquerylib": {
      "Package": "jquerylib",
      "Version": "0.1.4",
      "Source": "Repository",
      "Repository": "CRAN",
      "Requirements": [
        "htmltools"
      ],
      "Hash": "5aab57a3bd297eee1c1d862735972182"
    },
    "jsonlite": {
      "Package": "jsonlite",
      "Version": "2.0.0",
      "Source": "Repository",
      "Repository": "CRAN",
      "Requirements": [
        "methods"
      ],
      "Hash": "b0776f526d36d8bd4a3344a88fe165c4"
    },
    "knitr": {
      "Package": "knitr",
      "Version": "1.50",
      "Source": "Repository",
      "Repository": "CRAN",
      "Requirements": [
        "R",
        "evaluate",
        "highr",
        "methods",
        "tools",
        "xfun",
        "yaml"
      ],
      "Hash": "5a07d8ec459d7b80bd4acca5f4a6e062"
    },
    "later": {
      "Package": "later",
      "Version": "1.4.2",
      "Source": "Repository",
      "Repository": "CRAN",
      "Requirements": [
        "Rcpp",
        "rlang"
      ],
      "Hash": "9591aabef9cf988f05bde9324fd3ad99"
    },
    "lattice": {
      "Package": "lattice",
      "Version": "0.22-7",
      "Source": "Repository",
      "Repository": "CRAN",
      "Requirements": [
        "R",
        "grDevices",
        "graphics",
        "grid",
        "stats",
        "utils"
      ],
      "Hash": "934f30aea6442867f57a610034ab06d3"
    },
    "lifecycle": {
      "Package": "lifecycle",
      "Version": "1.0.4",
      "Source": "Repository",
      "Repository": "CRAN",
      "Requirements": [
        "R",
        "cli",
        "glue",
        "rlang"
      ],
      "Hash": "b8552d117e1b808b09a832f589b79035"
    },
    "listenv": {
      "Package": "listenv",
      "Version": "0.9.1",
      "Source": "Repository",
      "Repository": "CRAN",
      "Requirements": [
        "R"
      ],
      "Hash": "e2fca3e12e4db979dccc6e519b10a7ee"
    },
    "magrittr": {
      "Package": "magrittr",
      "Version": "2.0.3",
      "Source": "Repository",
      "Repository": "CRAN",
      "Requirements": [
        "R"
      ],
      "Hash": "7ce2733a9826b3aeb1775d56fd305472"
    },
    "memoise": {
      "Package": "memoise",
      "Version": "2.0.1",
      "Source": "Repository",
      "Repository": "CRAN",
      "Requirements": [
        "cachem",
        "rlang"
      ],
      "Hash": "e2817ccf4a065c5d9d7f2cfbe7c1d78c"
    },
    "mime": {
      "Package": "mime",
      "Version": "0.13",
      "Source": "Repository",
      "Repository": "CRAN",
      "Requirements": [
        "tools"
      ],
      "Hash": "0ec19f34c72fab674d8f2b4b1c6410e1"
    },
    "multitaper": {
      "Package": "multitaper",
      "Version": "1.0-17",
      "Source": "Repository",
      "Repository": "CRAN",
      "Requirements": [
        "R",
        "methods"
      ],
      "Hash": "29a4db6175aa4b8ff7e9764eedbd787b"
    },
    "oro.nifti": {
      "Package": "oro.nifti",
      "Version": "0.11.4",
      "Source": "Repository",
      "Repository": "CRAN",
      "Requirements": [
        "R",
        "RNifti",
        "abind",
        "bitops",
        "grDevices",
        "graphics",
        "methods",
        "splines",
        "stats",
        "utils"
      ],
      "Hash": "d69e33af0b2db93a1f3dcc4a5888379b"
    },
    "parallelly": {
      "Package": "parallelly",
      "Version": "1.43.0",
      "Source": "Repository",
      "Repository": "CRAN",
      "Requirements": [
        "parallel",
        "tools",
        "utils"
      ],
      "Hash": "ca40f736e4d2dc6981c1dc9d14ea3dcf"
    },
    "pbdZMQ": {
      "Package": "pbdZMQ",
      "Version": "0.3-14",
      "Source": "Repository",
      "Repository": "CRAN",
      "Requirements": [
        "R"
      ],
      "Hash": "adf471ce7cf132086922a6c11977a449"
    },
    "pillar": {
      "Package": "pillar",
      "Version": "1.10.2",
      "Source": "Repository",
      "Repository": "CRAN",
      "Requirements": [
        "cli",
        "glue",
        "lifecycle",
        "rlang",
        "utf8",
        "utils",
        "vctrs"
      ],
      "Hash": "1098920a19b5cd5a15bacdc74a89979d"
    },
    "pkgconfig": {
      "Package": "pkgconfig",
      "Version": "2.0.3",
      "Source": "Repository",
      "Repository": "CRAN",
      "Requirements": [
        "utils"
      ],
      "Hash": "01f28d4278f15c76cddbea05899c5d6f"
    },
    "pkgfilecache": {
      "Package": "pkgfilecache",
      "Version": "0.1.5",
      "Source": "Repository",
      "Repository": "CRAN",
      "Requirements": [
        "curl",
        "downloader",
        "rappdirs"
      ],
      "Hash": "3b946d443b6a2a65d9d3e292c40ed6dc"
    },
    "png": {
      "Package": "png",
      "Version": "0.1-8",
      "Source": "Repository",
      "Repository": "CRAN",
      "Requirements": [
        "R"
      ],
      "Hash": "bd54ba8a0a5faded999a7aab6e46b374"
    },
    "pracma": {
      "Package": "pracma",
      "Version": "2.4.4",
      "Source": "Repository",
      "Repository": "CRAN",
      "Requirements": [
        "R",
        "grDevices",
        "graphics",
        "stats",
        "utils"
      ],
      "Hash": "44bc172d47d1ea0a638d9f299e321203"
    },
    "prettyunits": {
      "Package": "prettyunits",
      "Version": "1.2.0",
      "Source": "Repository",
      "Repository": "CRAN",
      "Requirements": [
        "R"
      ],
      "Hash": "6b01fc98b1e86c4f705ce9dcfd2f57c7"
    },
    "processx": {
      "Package": "processx",
      "Version": "3.8.6",
      "Source": "Repository",
      "Repository": "CRAN",
      "Requirements": [
        "R",
        "R6",
        "ps",
        "utils"
      ],
      "Hash": "720161b280b0a35f4d1490ead2fe81d0"
    },
    "progressr": {
      "Package": "progressr",
      "Version": "0.15.1",
      "Source": "Repository",
      "Repository": "CRAN",
      "Requirements": [
        "R",
        "digest",
        "utils"
      ],
      "Hash": "f8e9876b6ffff900e83f171081cacd6f"
    },
    "promises": {
      "Package": "promises",
      "Version": "1.3.2",
      "Source": "Repository",
      "Repository": "CRAN",
      "Requirements": [
        "R6",
        "Rcpp",
        "fastmap",
        "later",
        "magrittr",
        "rlang",
        "stats"
      ],
      "Hash": "c84fd4f75ea1f5434735e08b7f50fbca"
    },
    "ps": {
      "Package": "ps",
      "Version": "1.9.1",
      "Source": "Repository",
      "Repository": "CRAN",
      "Requirements": [
        "R",
        "utils"
      ],
      "Hash": "093688087b0bacce6ba2f661f36328e2"
    },
    "rappdirs": {
      "Package": "rappdirs",
      "Version": "0.3.3",
      "Source": "Repository",
      "Repository": "CRAN",
      "Requirements": [
        "R"
      ],
      "Hash": "5e3c5dc0b071b21fa128676560dbe94d"
    },
    "raveio": {
      "Package": "raveio",
      "Version": "0.9.0.94",
      "Source": "Repository",
      "Repository": "raveieeg",
      "Requirements": [
        "R6",
        "callr",
        "checkmate",
        "data.table",
        "dipsaus",
        "edfReader",
        "filearray",
        "glue",
        "ieegio",
        "promises",
        "ravepipeline",
        "ravetools",
        "rpyANTs",
        "stats",
        "targets",
        "threeBrain",
        "utils",
        "yaml"
      ],
      "Hash": "981d0f7080af53f83d62623085b505ad"
    },
    "ravepipeline": {
      "Package": "ravepipeline",
      "Version": "0.0.1.9009",
      "Source": "Repository",
      "Repository": "raveieeg",
      "Requirements": [
        "R6",
        "base64url",
        "callr",
        "cli",
        "digest",
        "fastmap",
        "fst",
        "future",
        "glue",
        "jsonlite",
        "knitr",
        "promises",
        "remotes",
        "rlang",
        "stats",
        "targets",
        "utils",
        "uuid",
        "yaml"
      ],
      "Hash": "68597393e4e185765ce5c5698ac3f354"
    },
    "ravetools": {
      "Package": "ravetools",
      "Version": "0.2.2.9001",
      "Source": "Repository",
      "Repository": "raveieeg",
      "Requirements": [
        "R",
        "R6",
        "RNiftyReg",
        "Rcpp",
        "RcppEigen",
        "digest",
        "filearray",
        "graphics",
        "gsignal",
        "pracma",
        "splines",
        "stats",
        "waveslim"
      ],
      "Hash": "e44993259115ad26ce24d4e332a9eca0"
    },
    "readNSx": {
      "Package": "readNSx",
      "Version": "0.0.5",
      "Source": "Repository",
      "Repository": "raveieeg",
      "Requirements": [
        "R6",
        "cpp11",
        "data.table",
        "fastmap",
        "hdf5r",
        "jsonlite"
      ],
      "Hash": "b940d580640de99536387ab95b39154c"
    },
    "remotes": {
      "Package": "remotes",
      "Version": "2.5.0",
      "Source": "Repository",
      "Repository": "CRAN",
      "Requirements": [
        "R",
        "methods",
        "stats",
        "tools",
        "utils"
      ],
      "Hash": "3ee025083e66f18db6cf27b56e23e141"
    },
    "renv": {
      "Package": "renv",
      "Version": "1.0.7",
      "Source": "Repository",
      "Repository": "CRAN",
      "Requirements": [
        "utils"
      ],
      "Hash": "397b7b2a265bc5a7a06852524dabae20"
    },
    "repr": {
      "Package": "repr",
      "Version": "1.1.7",
      "Source": "Repository",
      "Repository": "CRAN",
      "Requirements": [
        "R",
        "base64enc",
        "grDevices",
        "htmltools",
        "jsonlite",
        "pillar",
        "utils"
      ],
      "Hash": "1393acc49816f4fe143d87fb33e75631"
    },
    "reticulate": {
      "Package": "reticulate",
      "Version": "1.42.0",
      "Source": "Repository",
      "Repository": "CRAN",
      "Requirements": [
        "Matrix",
        "R",
        "Rcpp",
        "RcppTOML",
        "graphics",
        "here",
        "jsonlite",
        "methods",
        "png",
        "rappdirs",
        "rlang",
        "utils",
        "withr"
      ],
      "Hash": "92bc19ed4057a728ddbe09b804a3d84d"
    },
    "rlang": {
      "Package": "rlang",
      "Version": "1.1.6",
      "Source": "Repository",
      "Repository": "CRAN",
      "Requirements": [
        "R",
        "utils"
      ],
      "Hash": "892124978869b74935dc3934c42bfe5a"
    },
    "rmarkdown": {
      "Package": "rmarkdown",
      "Version": "2.29",
      "Source": "Repository",
      "Repository": "CRAN",
      "Requirements": [
        "R",
        "bslib",
        "evaluate",
        "fontawesome",
        "htmltools",
        "jquerylib",
        "jsonlite",
        "knitr",
        "methods",
        "tinytex",
        "tools",
        "utils",
        "xfun",
        "yaml"
      ],
      "Hash": "df99277f63d01c34e95e3d2f06a79736"
    },
    "rprojroot": {
      "Package": "rprojroot",
      "Version": "2.0.4",
      "Source": "Repository",
      "Repository": "CRAN",
      "Requirements": [
        "R"
      ],
      "Hash": "4c8415e0ec1e29f3f4f6fc108bef0144"
    },
    "rpyANTs": {
      "Package": "rpyANTs",
      "Version": "0.0.4.4",
      "Source": "Repository",
      "Repository": "raveieeg",
      "Requirements": [
        "RNifti",
        "grDevices",
        "reticulate",
        "rpymat"
      ],
      "Hash": "f132df9b2990bd31134ec3396aa819b8"
    },
    "rpymat": {
      "Package": "rpymat",
      "Version": "0.1.7.1",
      "Source": "Repository",
      "Repository": "raveieeg",
      "Requirements": [
        "IRkernel",
        "fastmap",
        "glue",
        "jsonlite",
        "rappdirs",
        "reticulate",
        "rstudioapi",
        "utils"
      ],
      "Hash": "9a3ffe897672b3d51b78814e6ae9f66f"
    },
    "rstudioapi": {
      "Package": "rstudioapi",
      "Version": "0.17.1",
      "Source": "Repository",
      "Repository": "CRAN",
      "Hash": "5f90cd73946d706cfe26024294236113"
    },
    "sass": {
      "Package": "sass",
      "Version": "0.4.10",
      "Source": "Repository",
      "Repository": "CRAN",
      "Requirements": [
        "R6",
        "fs",
        "htmltools",
        "rappdirs",
        "rlang"
      ],
      "Hash": "3fb78d066fb92299b1d13f6a7c9a90a8"
    },
    "secretbase": {
      "Package": "secretbase",
      "Version": "1.0.5",
      "Source": "Repository",
      "Repository": "CRAN",
      "Requirements": [
        "R"
      ],
      "Hash": "8b53c2f65677895c7e118afd6d786c1a"
    },
    "servr": {
      "Package": "servr",
      "Version": "0.32",
      "Source": "Repository",
      "Repository": "CRAN",
      "Requirements": [
        "R",
        "httpuv",
        "jsonlite",
        "mime",
        "xfun"
      ],
      "Hash": "63e4ea2379e79cf18813dd0d8146d27c"
    },
    "shiny": {
      "Package": "shiny",
      "Version": "1.10.0",
      "Source": "Repository",
      "Repository": "CRAN",
      "Requirements": [
        "R",
        "R6",
        "bslib",
        "cachem",
        "commonmark",
        "crayon",
        "fastmap",
        "fontawesome",
        "glue",
        "grDevices",
        "htmltools",
        "httpuv",
        "jsonlite",
        "later",
        "lifecycle",
        "methods",
        "mime",
        "promises",
        "rlang",
        "sourcetools",
        "tools",
        "utils",
        "withr",
        "xtable"
      ],
      "Hash": "4b4477baa9a939c5577e5ddb4bf01f28"
    },
    "sourcetools": {
      "Package": "sourcetools",
      "Version": "0.1.7-1",
      "Source": "Repository",
      "Repository": "CRAN",
      "Requirements": [
        "R"
      ],
      "Hash": "5f5a7629f956619d519205ec475fe647"
    },
    "stringi": {
      "Package": "stringi",
      "Version": "1.8.7",
      "Source": "Repository",
      "Repository": "CRAN",
      "Requirements": [
        "R",
        "stats",
        "tools",
        "utils"
      ],
      "Hash": "2b56088e23bdd58f89aebf43a0913457"
    },
    "stringr": {
      "Package": "stringr",
      "Version": "1.5.1",
      "Source": "Repository",
      "Repository": "CRAN",
      "Requirements": [
        "R",
        "cli",
        "glue",
        "lifecycle",
        "magrittr",
        "rlang",
        "stringi",
        "vctrs"
      ],
      "Hash": "960e2ae9e09656611e0b8214ad543207"
    },
    "targets": {
      "Package": "targets",
      "Version": "1.11.1",
      "Source": "Repository",
      "Repository": "CRAN",
      "Requirements": [
        "R",
        "R6",
        "base64url",
        "callr",
        "cli",
        "codetools",
        "data.table",
        "igraph",
        "knitr",
        "prettyunits",
        "ps",
        "rlang",
        "secretbase",
        "stats",
        "tibble",
        "tidyselect",
        "tools",
        "utils",
        "vctrs",
        "yaml"
      ],
      "Hash": "ebb5c8ed3b67acf806e61952c2676eed"
    },
    "threeBrain": {
      "Package": "threeBrain",
      "Version": "1.3.0.2",
      "Source": "Repository",
      "Repository": "raveieeg",
      "Requirements": [
        "R6",
        "digest",
        "dipsaus",
        "freesurferformats",
        "gifti",
        "grDevices",
        "graphics",
        "htmlwidgets",
        "jsonlite",
        "knitr",
        "oro.nifti",
        "png",
        "servr",
        "shiny",
        "stringr",
        "utils",
        "xml2"
      ],
      "Hash": "9a414b5cc48787f63fa0f8667cf852b1"
    },
    "tibble": {
      "Package": "tibble",
      "Version": "3.2.1",
      "Source": "Repository",
      "Repository": "CRAN",
      "Requirements": [
        "R",
        "fansi",
        "lifecycle",
        "magrittr",
        "methods",
        "pillar",
        "pkgconfig",
        "rlang",
        "utils",
        "vctrs"
      ],
      "Hash": "a84e2cc86d07289b3b6f5069df7a004c"
    },
    "tidyselect": {
      "Package": "tidyselect",
      "Version": "1.2.1",
      "Source": "Repository",
      "Repository": "CRAN",
      "Requirements": [
        "R",
        "cli",
        "glue",
        "lifecycle",
        "rlang",
        "vctrs",
        "withr"
      ],
      "Hash": "829f27b9c4919c16b593794a6344d6c0"
    },
    "tinytex": {
      "Package": "tinytex",
      "Version": "0.57",
      "Source": "Repository",
      "Repository": "CRAN",
      "Requirements": [
        "xfun"
      ],
      "Hash": "02d65e0c0415bf36a7ddc0d2ba50a840"
    },
    "utf8": {
      "Package": "utf8",
      "Version": "1.2.4",
      "Source": "Repository",
      "Repository": "CRAN",
      "Requirements": [
        "R"
      ],
      "Hash": "62b65c52671e6665f803ff02954446e9"
    },
    "uuid": {
      "Package": "uuid",
      "Version": "1.2-1",
      "Source": "Repository",
      "Repository": "CRAN",
      "Requirements": [
        "R"
      ],
      "Hash": "34e965e62a41fcafb1ca60e9b142085b"
    },
    "vctrs": {
      "Package": "vctrs",
      "Version": "0.6.5",
      "Source": "Repository",
      "Repository": "CRAN",
      "Requirements": [
        "R",
        "cli",
        "glue",
        "lifecycle",
        "rlang"
      ],
      "Hash": "c03fa420630029418f7e6da3667aac4a"
    },
    "waveslim": {
      "Package": "waveslim",
      "Version": "1.8.5",
      "Source": "Repository",
      "Repository": "CRAN",
      "Requirements": [
        "R",
        "grDevices",
        "graphics",
        "multitaper",
        "stats",
        "utils"
      ],
      "Hash": "4df5bdeeeee3d16a6571f34735cd7fa0"
    },
    "withr": {
      "Package": "withr",
      "Version": "3.0.2",
      "Source": "Repository",
      "Repository": "CRAN",
      "Requirements": [
        "R",
        "grDevices",
        "graphics"
      ],
      "Hash": "cc2d62c76458d425210d1eb1478b30b4"
    },
    "xfun": {
      "Package": "xfun",
      "Version": "0.52",
      "Source": "Repository",
      "Repository": "CRAN",
      "Requirements": [
        "R",
        "grDevices",
        "stats",
        "tools"
      ],
      "Hash": "652ce36fe7d57688e6786819b09d9190"
    },
    "xml2": {
      "Package": "xml2",
      "Version": "1.3.8",
      "Source": "Repository",
      "Repository": "CRAN",
      "Requirements": [
        "R",
        "cli",
        "methods",
        "rlang"
      ],
      "Hash": "f5130b2f3d461964bac93cc618013231"
    },
    "xtable": {
      "Package": "xtable",
      "Version": "1.8-4",
      "Source": "Repository",
      "Repository": "CRAN",
      "Requirements": [
        "R",
        "stats",
        "utils"
      ],
      "Hash": "b8acdf8af494d9ec19ccb2481a9b11c2"
    },
    "yaml": {
      "Package": "yaml",
      "Version": "2.3.10",
      "Source": "Repository",
      "Repository": "CRAN",
      "Hash": "51dab85c6c98e50a18d7551e9d49f76c"
    }
  }
}
